
Microsoft Visual Studio Solution File, Format Version 12.00
# Visual Studio Version 16
VisualStudioVersion = 16.0.31911.196
MinimumVisualStudioVersion = 10.0.40219.1
Project("{FAE04EC0-301F-11D3-BF4B-00C04F79EFBC}") = "SalesWebMvc", "SalesWebMvc\SalesWebMvc.csproj", "{A0CE567E-2F89-40F5-BFBC-3643233E2596}"
EndProject
Global
	GlobalSection(SolutionConfigurationPlatforms) = preSolution
		Debug|Any CPU = Debug|Any CPU
		Release|Any CPU = Release|Any CPU
	EndGlobalSection
	GlobalSection(ProjectConfigurationPlatforms) = postSolution
		{A0CE567E-2F89-40F5-BFBC-3643233E2596}.Debug|Any CPU.ActiveCfg = Debug|Any CPU
		{A0CE567E-2F89-40F5-BFBC-3643233E2596}.Debug|Any CPU.Build.0 = Debug|Any CPU
		{A0CE567E-2F89-40F5-BFBC-3643233E2596}.Release|Any CPU.ActiveCfg = Release|Any CPU
		{A0CE567E-2F89-40F5-BFBC-3643233E2596}.Release|Any CPU.Build.0 = Release|Any CPU
	EndGlobalSection
	GlobalSection(SolutionProperties) = preSolution
		HideSolutionNode = FALSE
	EndGlobalSection
	GlobalSection(ExtensibilityGlobals) = postSolution
		SolutionGuid = {FF549374-3FD0-476A-8ADC-F5B39CEB751C}
	EndGlobalSection
EndGlobal
